
Microsoft Visual Studio Solution File, Format Version 12.00
# Visual Studio 15
VisualStudioVersion = 15.0.28307.757
MinimumVisualStudioVersion = 10.0.40219.1
Project("{FAE04EC0-301F-11D3-BF4B-00C04F79EFBC}") = "WebAPIMVC", "WebAPIMVC\WebAPIMVC.csproj", "{BC9126CB-3314-4767-A329-BAACE1363761}"
EndProject
Project("{FAE04EC0-301F-11D3-BF4B-00C04F79EFBC}") = "WebAPIMVC.Tests", "WebAPIMVC.Tests\WebAPIMVC.Tests.csproj", "{0EED2BFD-C81A-410B-A0DC-15EBBD1032AF}"
EndProject
Global
	GlobalSection(SolutionConfigurationPlatforms) = preSolution
		Debug|Any CPU = Debug|Any CPU
		Release|Any CPU = Release|Any CPU
	EndGlobalSection
	GlobalSection(ProjectConfigurationPlatforms) = postSolution
		{BC9126CB-3314-4767-A329-BAACE1363761}.Debug|Any CPU.ActiveCfg = Debug|Any CPU
		{BC9126CB-3314-4767-A329-BAACE1363761}.Debug|Any CPU.Build.0 = Debug|Any CPU
		{BC9126CB-3314-4767-A329-BAACE1363761}.Release|Any CPU.ActiveCfg = Release|Any CPU
		{BC9126CB-3314-4767-A329-BAACE1363761}.Release|Any CPU.Build.0 = Release|Any CPU
		{0EED2BFD-C81A-410B-A0DC-15EBBD1032AF}.Debug|Any CPU.ActiveCfg = Debug|Any CPU
		{0EED2BFD-C81A-410B-A0DC-15EBBD1032AF}.Debug|Any CPU.Build.0 = Debug|Any CPU
		{0EED2BFD-C81A-410B-A0DC-15EBBD1032AF}.Release|Any CPU.ActiveCfg = Release|Any CPU
		{0EED2BFD-C81A-410B-A0DC-15EBBD1032AF}.Release|Any CPU.Build.0 = Release|Any CPU
	EndGlobalSection
	GlobalSection(SolutionProperties) = preSolution
		HideSolutionNode = FALSE
	EndGlobalSection
	GlobalSection(ExtensibilityGlobals) = postSolution
		SolutionGuid = {5C1D64F4-443B-4E92-AA43-8C0778F19C32}
	EndGlobalSection
EndGlobal
